{
  "requires": true,
  "lockfileVersion": 1,
  "dependencies": {
    "async-limiter": {
      "version": "1.0.0",
      "resolved": "https://registry.npmjs.org/async-limiter/-/async-limiter-1.0.0.tgz",
      "integrity": "sha512-jp/uFnooOiO+L211eZOoSyzpOITMXx1rBITauYykG3BRYPu8h0UcxsPNB04RR5vo4Tyz3+ay17tR6JVf9qzYWg=="
    },
    "inherits": {
      "version": "2.0.3",
      "resolved": "https://registry.npmjs.org/inherits/-/inherits-2.0.3.tgz",
      "integrity": "sha1-Yzwsg+PaQqUC9SRmAiSA9CCCYd4="
    },
    "ledgerloops": {
      "version": "0.8.0",
      "resolved": "https://registry.npmjs.org/ledgerloops/-/ledgerloops-0.8.0.tgz",
      "integrity": "sha512-XyVx0TZXYlNllmNHZtG2DypnXtlcua+RO0uhAWa2vPYGa6QRIKRwp3Vzc5mTB2ycmAoXy7owHhoYC8ca18IO5w==",
      "requires": {
        "sha.js": "git+https://github.com/crypto-browserify/sha.js.git#105bfe57c69e13c83fcf7a6ca660dd984cb291bf",
        "ws": "^6.0.0"
      }
    },
    "safe-buffer": {
      "version": "5.1.2",
      "resolved": "https://registry.npmjs.org/safe-buffer/-/safe-buffer-5.1.2.tgz",
      "integrity": "sha512-Gd2UZBJDkXlY7GbJxfsE8/nvKkUEU1G38c1siN6QP6a9PT9MmHB8GnpscSmMJSoF8LOIrt8ud/wPtojys4G6+g=="
    },
    "sha.js": {
      "version": "git+https://github.com/crypto-browserify/sha.js.git#105bfe57c69e13c83fcf7a6ca660dd984cb291bf",
      "from": "git+https://github.com/crypto-browserify/sha.js.git",
      "requires": {
        "inherits": "^2.0.1",
        "safe-buffer": "^5.0.1"
      }
    },
    "ws": {
      "version": "6.0.0",
      "resolved": "https://registry.npmjs.org/ws/-/ws-6.0.0.tgz",
      "integrity": "sha512-c2UlYcAZp1VS8AORtpq6y4RJIkJ9dQz18W32SpR/qXGfLDZ2jU4y4wKvvZwqbi7U6gxFQTeE+urMbXU/tsDy4w==",
      "requires": {
        "async-limiter": "~1.0.0"
      }
    }
  }
}
